# This file is automatically @generated by Cargo.
# It is not intended for manual editing.
version = 4

[[package]]
name = "use-config"
version = "0.1.0"
dependencies = [
 "use-config-key",
 "use-config-layer",
 "use-config-profile",
 "use-config-secret",
 "use-config-source",
 "use-config-value",
]

[[package]]
name = "use-config-key"
version = "0.1.0"

[[package]]
name = "use-config-layer"
version = "0.1.0"
dependencies = [
 "use-config-key",
 "use-config-source",
 "use-config-value",
]

[[package]]
name = "use-config-profile"
version = "0.1.0"

[[package]]
name = "use-config-secret"
version = "0.1.0"

[[package]]
name = "use-config-source"
version = "0.1.0"

[[package]]
name = "use-config-value"
version = "0.1.0"
